
Microsoft Visual Studio Solution File, Format Version 12.00
# Visual Studio Version 16
VisualStudioVersion = 16.0.32510.428
MinimumVisualStudioVersion = 10.0.40219.1
Project("{FAE04EC0-301F-11D3-BF4B-00C04F79EFBC}") = "DemoLogging", "DemoLogging\DemoLogging.csproj", "{6BA213A5-37CF-4B00-B7B4-F96AB97BE967}"
EndProject
Global
	GlobalSection(SolutionConfigurationPlatforms) = preSolution
		Debug|Any CPU = Debug|Any CPU
		Release|Any CPU = Release|Any CPU
	EndGlobalSection
	GlobalSection(ProjectConfigurationPlatforms) = postSolution
		{6BA213A5-37CF-4B00-B7B4-F96AB97BE967}.Debug|Any CPU.ActiveCfg = Debug|Any CPU
		{6BA213A5-37CF-4B00-B7B4-F96AB97BE967}.Debug|Any CPU.Build.0 = Debug|Any CPU
		{6BA213A5-37CF-4B00-B7B4-F96AB97BE967}.Release|Any CPU.ActiveCfg = Release|Any CPU
		{6BA213A5-37CF-4B00-B7B4-F96AB97BE967}.Release|Any CPU.Build.0 = Release|Any CPU
	EndGlobalSection
	GlobalSection(SolutionProperties) = preSolution
		HideSolutionNode = FALSE
	EndGlobalSection
	GlobalSection(ExtensibilityGlobals) = postSolution
		SolutionGuid = {3E924BE9-67F2-4059-B43F-639B638FD017}
	EndGlobalSection
EndGlobal
